
Microsoft Visual Studio Solution File, Format Version 12.00
# Visual Studio 15
VisualStudioVersion = 15.0.28307.779
MinimumVisualStudioVersion = 10.0.40219.1
Project("{FAE04EC0-301F-11D3-BF4B-00C04F79EFBC}") = "Vidly", "Vidly\Vidly.csproj", "{AAB301A0-A694-4250-B948-C43A52E1C402}"
EndProject
Global
	GlobalSection(SolutionConfigurationPlatforms) = preSolution
		Debug|Any CPU = Debug|Any CPU
		Release|Any CPU = Release|Any CPU
	EndGlobalSection
	GlobalSection(ProjectConfigurationPlatforms) = postSolution
		{AAB301A0-A694-4250-B948-C43A52E1C402}.Debug|Any CPU.ActiveCfg = Debug|Any CPU
		{AAB301A0-A694-4250-B948-C43A52E1C402}.Debug|Any CPU.Build.0 = Debug|Any CPU
		{AAB301A0-A694-4250-B948-C43A52E1C402}.Release|Any CPU.ActiveCfg = Release|Any CPU
		{AAB301A0-A694-4250-B948-C43A52E1C402}.Release|Any CPU.Build.0 = Release|Any CPU
	EndGlobalSection
	GlobalSection(SolutionProperties) = preSolution
		HideSolutionNode = FALSE
	EndGlobalSection
	GlobalSection(ExtensibilityGlobals) = postSolution
		SolutionGuid = {EC628E88-E7C0-4E67-A27A-421675624BE7}
	EndGlobalSection
EndGlobal
